// !$*UTF8*$!
{
	archiveVersion = 1;
	classes = {
	};
	objectVersion = 46;
	objects = {

/* Begin PBXBuildFile section */
		E65716EE1AFC5920009CE656 /* AppDelegate.swift in Sources */ = {isa = PBXBuildFile; fileRef = E65716ED1AFC5920009CE656 /* AppDelegate.swift */; };
		E65716F11AFC5920009CE656 /* TaskAppV2.xcdatamodeld in Sources */ = {isa = PBXBuildFile; fileRef = E65716EF1AFC5920009CE656 /* TaskAppV2.xcdatamodeld */; };
		E65716F61AFC5920009CE656 /* Main.storyboard in Resources */ = {isa = PBXBuildFile; fileRef = E65716F41AFC5920009CE656 /* Main.storyboard */; };
		E65716F81AFC5920009CE656 /* Images.xcassets in Resources */ = {isa = PBXBuildFile; fileRef = E65716F71AFC5920009CE656 /* Images.xcassets */; };
		E65716FB1AFC5920009CE656 /* LaunchScreen.xib in Resources */ = {isa = PBXBuildFile; fileRef = E65716F91AFC5920009CE656 /* LaunchScreen.xib */; };
		E65717071AFC5920009CE656 /* TaskAppV2Tests.swift in Sources */ = {isa = PBXBuildFile; fileRef = E65717061AFC5920009CE656 /* TaskAppV2Tests.swift */; };
		E65717111AFC59B6009CE656 /* MainTaskView.swift in Sources */ = {isa = PBXBuildFile; fileRef = E65717101AFC59B6009CE656 /* MainTaskView.swift */; };
		E65717151AFC6128009CE656 /* AddTaskView.swift in Sources */ = {isa = PBXBuildFile; fileRef = E65717141AFC6128009CE656 /* AddTaskView.swift */; };
		E657177A1B021799009CE656 /* getCoreData.swift in Sources */ = {isa = PBXBuildFile; fileRef = E65717791B021799009CE656 /* getCoreData.swift */; };
/* End PBXBuildFile section */

/* Begin PBXContainerItemProxy section */
		E65717011AFC5920009CE656 /* PBXContainerItemProxy */ = {
			isa = PBXContainerItemProxy;
			containerPortal = E65716E01AFC5920009CE656 /* Project object */;
			proxyType = 1;
			remoteGlobalIDString = E65716E71AFC5920009CE656;
			remoteInfo = TaskAppV2;
		};
/* End PBXContainerItemProxy section */

/* Begin PBXFileReference section */
		E65716E81AFC5920009CE656 /* TaskAppV2.app */ = {isa = PBXFileReference; explicitFileType = wrapper.application; includeInIndex = 0; path = TaskAppV2.app; sourceTree = BUILT_PRODUCTS_DIR; };
		E65716EC1AFC5920009CE656 /* Info.plist */ = {isa = PBXFileReference; lastKnownFileType = text.plist.xml; path = Info.plist; sourceTree = "<group>"; };
		E65716ED1AFC5920009CE656 /* AppDelegate.swift */ = {isa = PBXFileReference; lastKnownFileType = sourcecode.swift; path = AppDelegate.swift; sourceTree = "<group>"; };
		E65716F01AFC5920009CE656 /* TaskAppV2.xcdatamodel */ = {isa = PBXFileReference; lastKnownFileType = wrapper.xcdatamodel; path = TaskAppV2.xcdatamodel; sourceTree = "<group>"; };
		E65716F51AFC5920009CE656 /* Base */ = {isa = PBXFileReference; lastKnownFileType = file.storyboard; name = Base; path = Base.lproj/Main.storyboard; sourceTree = "<group>"; };
		E65716F71AFC5920009CE656 /* Images.xcassets */ = {isa = PBXFileReference; lastKnownFileType = folder.assetcatalog; path = Images.xcassets; sourceTree = "<group>"; };
		E65716FA1AFC5920009CE656 /* Base */ = {isa = PBXFileReference; lastKnownFileType = file.xib; name = Base; path = Base.lproj/LaunchScreen.xib; sourceTree = "<group>"; };
		E65717001AFC5920009CE656 /* TaskAppV2Tests.xctest */ = {isa = PBXFileReference; explicitFileType = wrapper.cfbundle; includeInIndex = 0; path = TaskAppV2Tests.xctest; sourceTree = BUILT_PRODUCTS_DIR; };
		E65717051AFC5920009CE656 /* Info.plist */ = {isa = PBXFileReference; lastKnownFileType = text.plist.xml; path = Info.plist; sourceTree = "<group>"; };
		E65717061AFC5920009CE656 /* TaskAppV2Tests.swift */ = {isa = PBXFileReference; lastKnownFileType = sourcecode.swift; path = TaskAppV2Tests.swift; sourceTree = "<group>"; };
		E65717101AFC59B6009CE656 /* MainTaskView.swift */ = {isa = PBXFileReference; fileEncoding = 4; lastKnownFileType = sourcecode.swift; path = MainTaskView.swift; sourceTree = "<group>"; };
		E65717141AFC6128009CE656 /* AddTaskView.swift */ = {isa = PBXFileReference; fileEncoding = 4; lastKnownFileType = sourcecode.swift; path = AddTaskView.swift; sourceTree = "<group>"; };
		E65717791B021799009CE656 /* getCoreData.swift */ = {isa = PBXFileReference; fileEncoding = 4; lastKnownFileType = sourcecode.swift; path = getCoreData.swift; sourceTree = "<group>"; };
/* End PBXFileReference section */

/* Begin PBXFrameworksBuildPhase section */
		E65716E51AFC5920009CE656 /* Frameworks */ = {
			isa = PBXFrameworksBuildPhase;
			buildActionMask = 2147483647;
			files = (
			);
			runOnlyForDeploymentPostprocessing = 0;
		};
		E65716FD1AFC5920009CE656 /* Frameworks */ = {
			isa = PBXFrameworksBuildPhase;
			buildActionMask = 2147483647;
			files = (
			);
			runOnlyForDeploymentPostprocessing = 0;
		};
/* End PBXFrameworksBuildPhase section */

/* Begin PBXGroup section */
		E65716DF1AFC5920009CE656 = {
			isa = PBXGroup;
			children = (
				E65716EA1AFC5920009CE656 /* TaskAppV2 */,
				E65717031AFC5920009CE656 /* TaskAppV2Tests */,
				E65716E91AFC5920009CE656 /* Products */,
			);
			sourceTree = "<group>";
		};
		E65716E91AFC5920009CE656 /* Products */ = {
			isa = PBXGroup;
			children = (
				E65716E81AFC5920009CE656 /* TaskAppV2.app */,
				E65717001AFC5920009CE656 /* TaskAppV2Tests.xctest */,
			);
			name = Products;
			sourceTree = "<group>";
		};
		E65716EA1AFC5920009CE656 /* TaskAppV2 */ = {
			isa = PBXGroup;
			children = (
				E65716ED1AFC5920009CE656 /* AppDelegate.swift */,
				E65716F41AFC5920009CE656 /* Main.storyboard */,
				E65716F71AFC5920009CE656 /* Images.xcassets */,
				E65716F91AFC5920009CE656 /* LaunchScreen.xib */,
				E65716EF1AFC5920009CE656 /* TaskAppV2.xcdatamodeld */,
				E65716EB1AFC5920009CE656 /* Supporting Files */,
				E65717101AFC59B6009CE656 /* MainTaskView.swift */,
				E65717141AFC6128009CE656 /* AddTaskView.swift */,
				E65717791B021799009CE656 /* getCoreData.swift */,
			);
			path = TaskAppV2;
			sourceTree = "<group>";
		};
		E65716EB1AFC5920009CE656 /* Supporting Files */ = {
			isa = PBXGroup;
			children = (
				E65716EC1AFC5920009CE656 /* Info.plist */,
			);
			name = "Supporting Files";
			sourceTree = "<group>";
		};
		E65717031AFC5920009CE656 /* TaskAppV2Tests */ = {
			isa = PBXGroup;
			children = (
				E65717061AFC5920009CE656 /* TaskAppV2Tests.swift */,
				E65717041AFC5920009CE656 /* Supporting Files */,
			);
			path = TaskAppV2Tests;
			sourceTree = "<group>";
		};
		E65717041AFC5920009CE656 /* Supporting Files */ = {
			isa = PBXGroup;
			children = (
				E65717051AFC5920009CE656 /* Info.plist */,
			);
			name = "Supporting Files";
			sourceTree = "<group>";
		};
/* End PBXGroup section */

/* Begin PBXNativeTarget section */
		E65716E71AFC5920009CE656 /* TaskAppV2 */ = {
			isa = PBXNativeTarget;
			buildConfigurationList = E657170A1AFC5920009CE656 /* Build configuration list for PBXNativeTarget "TaskAppV2" */;
			buildPhases = (
				E65716E41AFC5920009CE656 /* Sources */,
				E65716E51AFC5920009CE656 /* Frameworks */,
				E65716E61AFC5920009CE656 /* Resources */,
			);
			buildRules = (
			);
			dependencies = (
			);
			name = TaskAppV2;
			productName = TaskAppV2;
			productReference = E65716E81AFC5920009CE656 /* TaskAppV2.app */;
			productType = "com.apple.product-type.application";
		};
		E65716FF1AFC5920009CE656 /* TaskAppV2Tests */ = {
			isa = PBXNativeTarget;
			buildConfigurationList = E657170D1AFC5920009CE656 /* Build configuration list for PBXNativeTarget "TaskAppV2Tests" */;
			buildPhases = (
				E65716FC1AFC5920009CE656 /* Sources */,
				E65716FD1AFC5920009CE656 /* Frameworks */,
				E65716FE1AFC5920009CE656 /* Resources */,
			);
			buildRules = (
			);
			dependencies = (
				E65717021AFC5920009CE656 /* PBXTargetDependency */,
			);
			name = TaskAppV2Tests;
			productName = TaskAppV2Tests;
			productReference = E65717001AFC5920009CE656 /* TaskAppV2Tests.xctest */;
			productType = "com.apple.product-type.bundle.unit-test";
		};
/* End PBXNativeTarget section */

/* Begin PBXProject section */
		E65716E01AFC5920009CE656 /* Project object */ = {
			isa = PBXProject;
			attributes = {
				LastUpgradeCheck = 0630;
				ORGANIZATIONNAME = "Ryan Rudzitis";
				TargetAttributes = {
					E65716E71AFC5920009CE656 = {
						CreatedOnToolsVersion = 6.3.1;
					};
					E65716FF1AFC5920009CE656 = {
						CreatedOnToolsVersion = 6.3.1;
						TestTargetID = E65716E71AFC5920009CE656;
					};
				};
			};
			buildConfigurationList = E65716E31AFC5920009CE656 /* Build configuration list for PBXProject "TaskAppV2" */;
			compatibilityVersion = "Xcode 3.2";
			developmentRegion = English;
			hasScannedForEncodings = 0;
			knownRegions = (
				en,
				Base,
			);
			mainGroup = E65716DF1AFC5920009CE656;
			productRefGroup = E65716E91AFC5920009CE656 /* Products */;
			projectDirPath = "";
			projectRoot = "";
			targets = (
				E65716E71AFC5920009CE656 /* TaskAppV2 */,
				E65716FF1AFC5920009CE656 /* TaskAppV2Tests */,
			);
		};
/* End PBXProject section */

/* Begin PBXResourcesBuildPhase section */
		E65716E61AFC5920009CE656 /* Resources */ = {
			isa = PBXResourcesBuildPhase;
			buildActionMask = 2147483647;
			files = (
				E65716F61AFC5920009CE656 /* Main.storyboard in Resources */,
				E65716FB1AFC5920009CE656 /* LaunchScreen.xib in Resources */,
				E65716F81AFC5920009CE656 /* Images.xcassets in Resources */,
			);
			runOnlyForDeploymentPostprocessing = 0;
		};
		E65716FE1AFC5920009CE656 /* Resources */ = {
			isa = PBXResourcesBuildPhase;
			buildActionMask = 2147483647;
			files = (
			);
			runOnlyForDeploymentPostprocessing = 0;
		};
/* End PBXResourcesBuildPhase section */

/* Begin PBXSourcesBuildPhase section */
		E65716E41AFC5920009CE656 /* Sources */ = {
			isa = PBXSourcesBuildPhase;
			buildActionMask = 2147483647;
			files = (
				E65717111AFC59B6009CE656 /* MainTaskView.swift in Sources */,
				E65717151AFC6128009CE656 /* AddTaskView.swift in Sources */,
				E65716F11AFC5920009CE656 /* TaskAppV2.xcdatamodeld in Sources */,
				E65716EE1AFC5920009CE656 /* AppDelegate.swift in Sources */,
				E657177A1B021799009CE656 /* getCoreData.swift in Sources */,
			);
			runOnlyForDeploymentPostprocessing = 0;
		};
		E65716FC1AFC5920009CE656 /* Sources */ = {
			isa = PBXSourcesBuildPhase;
			buildActionMask = 2147483647;
			files = (
				E65717071AFC5920009CE656 /* TaskAppV2Tests.swift in Sources */,
			);
			runOnlyForDeploymentPostprocessing = 0;
		};
/* End PBXSourcesBuildPhase section */

/* Begin PBXTargetDependency section */
		E65717021AFC5920009CE656 /* PBXTargetDependency */ = {
			isa = PBXTargetDependency;
			target = E65716E71AFC5920009CE656 /* TaskAppV2 */;
			targetProxy = E65717011AFC5920009CE656 /* PBXContainerItemProxy */;
		};
/* End PBXTargetDependency section */

/* Begin PBXVariantGroup section */
		E65716F41AFC5920009CE656 /* Main.storyboard */ = {
			isa = PBXVariantGroup;
			children = (
				E65716F51AFC5920009CE656 /* Base */,
			);
			name = Main.storyboard;
			sourceTree = "<group>";
		};
		E65716F91AFC5920009CE656 /* LaunchScreen.xib */ = {
			isa = PBXVariantGroup;
			children = (
				E65716FA1AFC5920009CE656 /* Base */,
			);
			name = LaunchScreen.xib;
			sourceTree = "<group>";
		};
/* End PBXVariantGroup section */

/* Begin XCBuildConfiguration section */
		E65717081AFC5920009CE656 /* Debug */ = {
			isa = XCBuildConfiguration;
			buildSettings = {
				ALWAYS_SEARCH_USER_PATHS = NO;
				CLANG_CXX_LANGUAGE_STANDARD = "gnu++0x";
				CLANG_CXX_LIBRARY = "libc++";
				CLANG_ENABLE_MODULES = YES;
				CLANG_ENABLE_OBJC_ARC = YES;
				CLANG_WARN_BOOL_CONVERSION = YES;
				CLANG_WARN_CONSTANT_CONVERSION = YES;
				CLANG_WARN_DIRECT_OBJC_ISA_USAGE = YES_ERROR;
				CLANG_WARN_EMPTY_BODY = YES;
				CLANG_WARN_ENUM_CONVERSION = YES;
				CLANG_WARN_INT_CONVERSION = YES;
				CLANG_WARN_OBJC_ROOT_CLASS = YES_ERROR;
				CLANG_WARN_UNREACHABLE_CODE = YES;
				CLANG_WARN__DUPLICATE_METHOD_MATCH = YES;
				"CODE_SIGN_IDENTITY[sdk=iphoneos*]" = "iPhone Developer";
				COPY_PHASE_STRIP = NO;
				DEBUG_INFORMATION_FORMAT = "dwarf-with-dsym";
				ENABLE_STRICT_OBJC_MSGSEND = YES;
				GCC_C_LANGUAGE_STANDARD = gnu99;
				GCC_DYNAMIC_NO_PIC = NO;
				GCC_NO_COMMON_BLOCKS = YES;
				GCC_OPTIMIZATION_LEVEL = 0;
				GCC_PREPROCESSOR_DEFINITIONS = (
					"DEBUG=1",
					"$(inherited)",
				);
				GCC_SYMBOLS_PRIVATE_EXTERN = NO;
				GCC_WARN_64_TO_32_BIT_CONVERSION = YES;
				GCC_WARN_ABOUT_RETURN_TYPE = YES_ERROR;
				GCC_WARN_UNDECLARED_SELECTOR = YES;
				GCC_WARN_UNINITIALIZED_AUTOS = YES_AGGRESSIVE;
				GCC_WARN_UNUSED_FUNCTION = YES;
				GCC_WARN_UNUSED_VARIABLE = YES;
				IPHONEOS_DEPLOYMENT_TARGET = 8.3;
				MTL_ENABLE_DEBUG_INFO = YES;
				ONLY_ACTIVE_ARCH = YES;
				SDKROOT = iphoneos;
				SWIFT_OPTIMIZATION_LEVEL = "-Onone";
			};
			name = Debug;
		};
		E65717091AFC5920009CE656 /* Release */ = {
			isa = XCBuildConfiguration;
			buildSettings = {
				ALWAYS_SEARCH_USER_PATHS = NO;
				CLANG_CXX_LANGUAGE_STANDARD = "gnu++0x";
				CLANG_CXX_LIBRARY = "libc++";
				CLANG_ENABLE_MODULES = YES;
				CLANG_ENABLE_OBJC_ARC = YES;
				CLANG_WARN_BOOL_CONVERSION = YES;
				CLANG_WARN_CONSTANT_CONVERSION = YES;
				CLANG_WARN_DIRECT_OBJC_ISA_USAGE = YES_ERROR;
				CLANG_WARN_EMPTY_BODY = YES;
				CLANG_WARN_ENUM_CONVERSION = YES;
				CLANG_WARN_INT_CONVERSION = YES;
				CLANG_WARN_OBJC_ROOT_CLASS = YES_ERROR;
				CLANG_WARN_UNREACHABLE_CODE = YES;
				CLANG_WARN__DUPLICATE_METHOD_MATCH = YES;
				"CODE_SIGN_IDENTITY[sdk=iphoneos*]" = "iPhone Developer";
				COPY_PHASE_STRIP = NO;
				DEBUG_INFORMATION_FORMAT = "dwarf-with-dsym";
				ENABLE_NS_ASSERTIONS = NO;
				ENABLE_STRICT_OBJC_MSGSEND = YES;
				GCC_C_LANGUAGE_STANDARD = gnu99;
				GCC_NO_COMMON_BLOCKS = YES;
				GCC_WARN_64_TO_32_BIT_CONVERSION = YES;
				GCC_WARN_ABOUT_RETURN_TYPE = YES_ERROR;
				GCC_WARN_UNDECLARED_SELECTOR = YES;
				GCC_WARN_UNINITIALIZED_AUTOS = YES_AGGRESSIVE;
				GCC_WARN_UNUSED_FUNCTION = YES;
				GCC_WARN_UNUSED_VARIABLE = YES;
				IPHONEOS_DEPLOYMENT_TARGET = 8.3;
				MTL_ENABLE_DEBUG_INFO = NO;
				SDKROOT = iphoneos;
				VALIDATE_PRODUCT = YES;
			};
			name = Release;
		};
		E657170B1AFC5920009CE656 /* Debug */ = {
			isa = XCBuildConfiguration;
			buildSettings = {
				ASSETCATALOG_COMPILER_APPICON_NAME = AppIcon;
				INFOPLIST_FILE = TaskAppV2/Info.plist;
				IPHONEOS_DEPLOYMENT_TARGET = 8.3;
				LD_RUNPATH_SEARCH_PATHS = "$(inherited) @executable_path/Frameworks";
				PRODUCT_NAME = "$(TARGET_NAME)";
			};
			name = Debug;
		};
		E657170C1AFC5920009CE656 /* Release */ = {
			isa = XCBuildConfiguration;
			buildSettings = {
				ASSETCATALOG_COMPILER_APPICON_NAME = AppIcon;
				INFOPLIST_FILE = TaskAppV2/Info.plist;
				IPHONEOS_DEPLOYMENT_TARGET = 8.3;
				LD_RUNPATH_SEARCH_PATHS = "$(inherited) @executable_path/Frameworks";
				PRODUCT_NAME = "$(TARGET_NAME)";
			};
			name = Release;
		};
		E657170E1AFC5920009CE656 /* Debug */ = {
			isa = XCBuildConfiguration;
			buildSettings = {
				BUNDLE_LOADER = "$(TEST_HOST)";
				FRAMEWORK_SEARCH_PATHS = (
					"$(SDKROOT)/Developer/Library/Frameworks",
					"$(inherited)",
				);
				GCC_PREPROCESSOR_DEFINITIONS = (
					"DEBUG=1",
					"$(inherited)",
				);
				INFOPLIST_FILE = TaskAppV2Tests/Info.plist;
				LD_RUNPATH_SEARCH_PATHS = "$(inherited) @executable_path/Frameworks @loader_path/Frameworks";
				PRODUCT_NAME = "$(TARGET_NAME)";
				TEST_HOST = "$(BUILT_PRODUCTS_DIR)/TaskAppV2.app/TaskAppV2";
			};
			name = Debug;
		};
		E657170F1AFC5920009CE656 /* Release */ = {
			isa = XCBuildConfiguration;
			buildSettings = {
				BUNDLE_LOADER = "$(TEST_HOST)";
				FRAMEWORK_SEARCH_PATHS = (
					"$(SDKROOT)/Developer/Library/Frameworks",
					"$(inherited)",
				);
				INFOPLIST_FILE = TaskAppV2Tests/Info.plist;
				LD_RUNPATH_SEARCH_PATHS = "$(inherited) @executable_path/Frameworks @loader_path/Frameworks";
				PRODUCT_NAME = "$(TARGET_NAME)";
				TEST_HOST = "$(BUILT_PRODUCTS_DIR)/TaskAppV2.app/TaskAppV2";
			};
			name = Release;
		};
/* End XCBuildConfiguration section */

/* Begin XCConfigurationList section */
		E65716E31AFC5920009CE656 /* Build configuration list for PBXProject "TaskAppV2" */ = {
			isa = XCConfigurationList;
			buildConfigurations = (
				E65717081AFC5920009CE656 /* Debug */,
				E65717091AFC5920009CE656 /* Release */,
			);
			defaultConfigurationIsVisible = 0;
			defaultConfigurationName = Release;
		};
		E657170A1AFC5920009CE656 /* Build configuration list for PBXNativeTarget "TaskAppV2" */ = {
			isa = XCConfigurationList;
			buildConfigurations = (
				E657170B1AFC5920009CE656 /* Debug */,
				E657170C1AFC5920009CE656 /* Release */,
			);
			defaultConfigurationIsVisible = 0;
			defaultConfigurationName = Release;
		};
		E657170D1AFC5920009CE656 /* Build configuration list for PBXNativeTarget "TaskAppV2Tests" */ = {
			isa = XCConfigurationList;
			buildConfigurations = (
				E657170E1AFC5920009CE656 /* Debug */,
				E657170F1AFC5920009CE656 /* Release */,
			);
			defaultConfigurationIsVisible = 0;
			defaultConfigurationName = Release;
		};
/* End XCConfigurationList section */

/* Begin XCVersionGroup section */
		E65716EF1AFC5920009CE656 /* TaskAppV2.xcdatamodeld */ = {
			isa = XCVersionGroup;
			children = (
				E65716F01AFC5920009CE656 /* TaskAppV2.xcdatamodel */,
			);
			currentVersion = E65716F01AFC5920009CE656 /* TaskAppV2.xcdatamodel */;
			path = TaskAppV2.xcdatamodeld;
			sourceTree = "<group>";
			versionGroupType = wrapper.xcdatamodel;
		};
/* End XCVersionGroup section */
	};
	rootObject = E65716E01AFC5920009CE656 /* Project object */;
}
